
Microsoft Visual Studio Solution File, Format Version 12.00
# Visual Studio 14
VisualStudioVersion = 14.0.25123.0
MinimumVisualStudioVersion = 10.0.40219.1
Project("{2150E333-8FDC-42A3-9474-1A3956D46DE8}") = "src", "src", "{77CC1FFE-35E2-471B-9D6A-A472C85DA43C}"
EndProject
Project("{2150E333-8FDC-42A3-9474-1A3956D46DE8}") = "Solution Items", "Solution Items", "{FE411722-E09D-4D63-8CF4-D7690F941B75}"
	ProjectSection(SolutionItems) = preProject
		global.json = global.json
		quiz3r.PublishSettings = quiz3r.PublishSettings
	EndProjectSection
EndProject
Project("{8BB2217D-0F2D-49D1-97BC-3654ED321F3B}") = "Quizer.Website", "src\Web\Quizer.Website\Quizer.Website.xproj", "{82C1316D-60E2-46C5-9E0C-7571C1FAD5FC}"
EndProject
Project("{8BB2217D-0F2D-49D1-97BC-3654ED321F3B}") = "Quizer.Api", "src\Api\Quizer.Api\Quizer.Api.xproj", "{91E01BDA-A360-4D94-B006-26F268BD1C91}"
EndProject
Project("{2150E333-8FDC-42A3-9474-1A3956D46DE8}") = "Api", "Api", "{78CA8F67-8CD2-4E90-912E-C6F0902EB3DA}"
EndProject
Project("{2150E333-8FDC-42A3-9474-1A3956D46DE8}") = "Web", "Web", "{53405EDE-5389-4685-A0BD-231E7A438560}"
EndProject
Project("{2150E333-8FDC-42A3-9474-1A3956D46DE8}") = "Shared", "Shared", "{7552A7AA-1CC2-4B0D-B303-FF1E6A7DC24F}"
EndProject
Project("{FAE04EC0-301F-11D3-BF4B-00C04F79EFBC}") = "Quizer.Domain", "src\Shared\Quizer.Domain\Quizer.Domain.csproj", "{C7AEA8AE-57DE-479D-A5AF-D5ABE3901695}"
EndProject
Project("{FAE04EC0-301F-11D3-BF4B-00C04F79EFBC}") = "Quizer.DataAccess", "src\Api\Quizer.DataAccess\Quizer.DataAccess.csproj", "{FEB0E426-BA6C-4F52-A897-A913C9918CC3}"
EndProject
Global
	GlobalSection(SolutionConfigurationPlatforms) = preSolution
		Debug|Any CPU = Debug|Any CPU
		Release|Any CPU = Release|Any CPU
	EndGlobalSection
	GlobalSection(ProjectConfigurationPlatforms) = postSolution
		{82C1316D-60E2-46C5-9E0C-7571C1FAD5FC}.Debug|Any CPU.ActiveCfg = Debug|Any CPU
		{82C1316D-60E2-46C5-9E0C-7571C1FAD5FC}.Debug|Any CPU.Build.0 = Debug|Any CPU
		{82C1316D-60E2-46C5-9E0C-7571C1FAD5FC}.Release|Any CPU.ActiveCfg = Release|Any CPU
		{82C1316D-60E2-46C5-9E0C-7571C1FAD5FC}.Release|Any CPU.Build.0 = Release|Any CPU
		{91E01BDA-A360-4D94-B006-26F268BD1C91}.Debug|Any CPU.ActiveCfg = Debug|Any CPU
		{91E01BDA-A360-4D94-B006-26F268BD1C91}.Debug|Any CPU.Build.0 = Debug|Any CPU
		{91E01BDA-A360-4D94-B006-26F268BD1C91}.Release|Any CPU.ActiveCfg = Release|Any CPU
		{91E01BDA-A360-4D94-B006-26F268BD1C91}.Release|Any CPU.Build.0 = Release|Any CPU
		{C7AEA8AE-57DE-479D-A5AF-D5ABE3901695}.Debug|Any CPU.ActiveCfg = Debug|Any CPU
		{C7AEA8AE-57DE-479D-A5AF-D5ABE3901695}.Debug|Any CPU.Build.0 = Debug|Any CPU
		{C7AEA8AE-57DE-479D-A5AF-D5ABE3901695}.Release|Any CPU.ActiveCfg = Release|Any CPU
		{C7AEA8AE-57DE-479D-A5AF-D5ABE3901695}.Release|Any CPU.Build.0 = Release|Any CPU
		{FEB0E426-BA6C-4F52-A897-A913C9918CC3}.Debug|Any CPU.ActiveCfg = Debug|Any CPU
		{FEB0E426-BA6C-4F52-A897-A913C9918CC3}.Debug|Any CPU.Build.0 = Debug|Any CPU
		{FEB0E426-BA6C-4F52-A897-A913C9918CC3}.Release|Any CPU.ActiveCfg = Release|Any CPU
		{FEB0E426-BA6C-4F52-A897-A913C9918CC3}.Release|Any CPU.Build.0 = Release|Any CPU
	EndGlobalSection
	GlobalSection(SolutionProperties) = preSolution
		HideSolutionNode = FALSE
	EndGlobalSection
	GlobalSection(NestedProjects) = preSolution
		{82C1316D-60E2-46C5-9E0C-7571C1FAD5FC} = {53405EDE-5389-4685-A0BD-231E7A438560}
		{91E01BDA-A360-4D94-B006-26F268BD1C91} = {78CA8F67-8CD2-4E90-912E-C6F0902EB3DA}
		{78CA8F67-8CD2-4E90-912E-C6F0902EB3DA} = {77CC1FFE-35E2-471B-9D6A-A472C85DA43C}
		{53405EDE-5389-4685-A0BD-231E7A438560} = {77CC1FFE-35E2-471B-9D6A-A472C85DA43C}
		{7552A7AA-1CC2-4B0D-B303-FF1E6A7DC24F} = {77CC1FFE-35E2-471B-9D6A-A472C85DA43C}
		{C7AEA8AE-57DE-479D-A5AF-D5ABE3901695} = {7552A7AA-1CC2-4B0D-B303-FF1E6A7DC24F}
		{FEB0E426-BA6C-4F52-A897-A913C9918CC3} = {78CA8F67-8CD2-4E90-912E-C6F0902EB3DA}
	EndGlobalSection
EndGlobal
